<?xml version="1.0" encoding="utf-8"?>
<Project ToolsVersion="4.0" xmlns="http://schemas.microsoft.com/developer/msbuild/2003">
  <ItemGroup>
    <Filter Include="Source Files">
      <UniqueIdentifier>{4FC737F1-C7A5-4376-A066-2A32D752A2FF}</UniqueIdentifier>
      <Extensions>cpp;c;cc;cxx;c++;cppm;ixx;def;odl;idl;hpj;bat;asm;asmx</Extensions>
    </Filter>
    <Filter Include="Header Files">
      <UniqueIdentifier>{93995380-89BD-4b04-88EB-625FBE52EBFB}</UniqueIdentifier>
      <Extensions>h;hh;hpp;hxx;h++;hm;inl;inc;ipp;xsd</Extensions>
    </Filter>
    <Filter Include="Resource Files">
      <UniqueIdentifier>{67DA6AB6-F800-4c08-8B7A-83BB121AAD01}</UniqueIdentifier>
      <Extensions>rc;ico;cur;bmp;dlg;rc2;rct;bin;rgs;gif;jpg;jpeg;jpe;resx;tiff;tif;png;wav;mfcribbon-ms</Extensions>
    </Filter>
  </ItemGroup>
  <ItemGroup>
    <ClCompile Include="src\load\dllmain.cpp">
      <Filter>Source Files</Filter>
    </ClCompile>
    <ClCompile Include="src\client\selaura.cpp">
      <Filter>Source Files</Filter>
    </ClCompile>
    <ClCompile Include="src\client\utils\winrt_utils.cpp">
      <Filter>Source Files</Filter>
    </ClCompile>
    <ClCompile Include="src\client\io\logger.cpp">
      <Filter>Source Files</Filter>
    </ClCompile>
    <ClCompile Include="src\client\handlers\input.cpp">
      <Filter>Source Files</Filter>
    </ClCompile>
    <ClCompile Include="src\client\renderer\renderer.cpp">
      <Filter>Source Files</Filter>
    </ClCompile>
    <ClCompile Include="include\kiero\kiero.cpp">
      <Filter>Source Files</Filter>
    </ClCompile>
    <ClCompile Include="src\memory\hooks.cpp">
      <Filter>Source Files</Filter>
    </ClCompile>
    <ClCompile Include="src\memory\hooks\swapchain.cpp">
      <Filter>Source Files</Filter>
    </ClCompile>
    <ClCompile Include="include\imgui\backends\imgui_impl_dx11.cpp">
      <Filter>Source Files</Filter>
    </ClCompile>
    <ClCompile Include="include\imgui\backends\imgui_impl_dx12.cpp">
      <Filter>Source Files</Filter>
    </ClCompile>
    <ClCompile Include="include\imgui\imgui.cpp">
      <Filter>Source Files</Filter>
    </ClCompile>
    <ClCompile Include="include\imgui\imgui_demo.cpp">
      <Filter>Source Files</Filter>
    </ClCompile>
    <ClCompile Include="include\imgui\imgui_draw.cpp">
      <Filter>Source Files</Filter>
    </ClCompile>
    <ClCompile Include="include\imgui\imgui_tables.cpp">
      <Filter>Source Files</Filter>
    </ClCompile>
    <ClCompile Include="include\imgui\imgui_widgets.cpp">
      <Filter>Source Files</Filter>
    </ClCompile>
    <ClCompile Include="src\client\handlers\event.cpp">
      <Filter>Source Files</Filter>
    </ClCompile>
    <ClCompile Include="src\load\linux_main.cpp">
      <Filter>Source Files</Filter>
    </ClCompile>
    <ClCompile Include="include\imgui\backends\imgui_impl_selaura.cpp">
      <Filter>Source Files</Filter>
    </ClCompile>
    <ClCompile Include="src\memory\hooks\screenview.cpp">
      <Filter>Source Files</Filter>
    </ClCompile>
    <ClCompile Include="src\memory\scanner\scanner.cpp">
      <Filter>Source Files</Filter>
    </ClCompile>
    <ClCompile Include="src\memory\hooks\bgfx_hooks.cpp">
      <Filter>Source Files</Filter>
    </ClCompile>
    <ClCompile Include="src\memory\sdk\bgfx.cpp">
      <Filter>Source Files</Filter>
    </ClCompile>
  </ItemGroup>
  <ItemGroup>
    <None Include="README.md" />
    <None Include=".gitattributes" />
    <None Include=".gitignore" />
  </ItemGroup>
  <ItemGroup>
    <ClInclude Include="src\load\dllmain.hpp">
      <Filter>Header Files</Filter>
    </ClInclude>
    <ClInclude Include="src\client\selaura.hpp">
      <Filter>Header Files</Filter>
    </ClInclude>
    <ClInclude Include="src\client\utils\winrt_utils.hpp">
      <Filter>Header Files</Filter>
    </ClInclude>
    <ClInclude Include="src\client\io\logger.hpp">
      <Filter>Header Files</Filter>
    </ClInclude>
    <ClInclude Include="include\fmt\args.h">
      <Filter>Header Files</Filter>
    </ClInclude>
    <ClInclude Include="include\fmt\base.h">
      <Filter>Header Files</Filter>
    </ClInclude>
    <ClInclude Include="include\fmt\chrono.h">
      <Filter>Header Files</Filter>
    </ClInclude>
    <ClInclude Include="include\fmt\color.h">
      <Filter>Header Files</Filter>
    </ClInclude>
    <ClInclude Include="include\fmt\compile.h">
      <Filter>Header Files</Filter>
    </ClInclude>
    <ClInclude Include="include\fmt\core.h">
      <Filter>Header Files</Filter>
    </ClInclude>
    <ClInclude Include="include\fmt\format.h">
      <Filter>Header Files</Filter>
    </ClInclude>
    <ClInclude Include="include\fmt\format-inl.h">
      <Filter>Header Files</Filter>
    </ClInclude>
    <ClInclude Include="include\fmt\os.h">
      <Filter>Header Files</Filter>
    </ClInclude>
    <ClInclude Include="include\fmt\ostream.h">
      <Filter>Header Files</Filter>
    </ClInclude>
    <ClInclude Include="include\fmt\printf.h">
      <Filter>Header Files</Filter>
    </ClInclude>
    <ClInclude Include="include\fmt\ranges.h">
      <Filter>Header Files</Filter>
    </ClInclude>
    <ClInclude Include="include\fmt\std.h">
      <Filter>Header Files</Filter>
    </ClInclude>
    <ClInclude Include="include\fmt\xchar.h">
      <Filter>Header Files</Filter>
    </ClInclude>
    <ClInclude Include="include\magic_enum\magic_enum.hpp">
      <Filter>Header Files</Filter>
    </ClInclude>
    <ClInclude Include="src\client\handlers\input.hpp">
      <Filter>Header Files</Filter>
    </ClInclude>
    <ClInclude Include="src\client\renderer\renderer.hpp">
      <Filter>Header Files</Filter>
    </ClInclude>
    <ClInclude Include="include\kiero\kiero.h">
      <Filter>Header Files</Filter>
    </ClInclude>
    <ClInclude Include="src\memory\hooks.hpp">
      <Filter>Header Files</Filter>
    </ClInclude>
    <ClInclude Include="src\client\handlers\event.hpp">
      <Filter>Header Files</Filter>
    </ClInclude>
    <ClInclude Include="src\client\types\event_types.hpp">
      <Filter>Header Files</Filter>
    </ClInclude>
    <ClInclude Include="include\minhook\minhook.h">
      <Filter>Header Files</Filter>
    </ClInclude>
    <ClInclude Include="src\memory\hooks\swapchain.hpp">
      <Filter>Header Files</Filter>
    </ClInclude>
    <ClInclude Include="include\imgui\backends\imgui_impl_dx11.h">
      <Filter>Header Files</Filter>
    </ClInclude>
    <ClInclude Include="include\imgui\backends\imgui_impl_dx12.h">
      <Filter>Header Files</Filter>
    </ClInclude>
    <ClInclude Include="include\imgui\imconfig.h">
      <Filter>Header Files</Filter>
    </ClInclude>
    <ClInclude Include="include\imgui\imgui.h">
      <Filter>Header Files</Filter>
    </ClInclude>
    <ClInclude Include="include\imgui\imgui_internal.h">
      <Filter>Header Files</Filter>
    </ClInclude>
    <ClInclude Include="include\imgui\imstb_rectpack.h">
      <Filter>Header Files</Filter>
    </ClInclude>
    <ClInclude Include="include\imgui\imstb_textedit.h">
      <Filter>Header Files</Filter>
    </ClInclude>
    <ClInclude Include="include\imgui\imstb_truetype.h">
      <Filter>Header Files</Filter>
    </ClInclude>
    <ClInclude Include="src\load\linux_main.hpp">
      <Filter>Header Files</Filter>
    </ClInclude>
    <ClInclude Include="include\imgui\backends\imgui_impl_selaura.hpp">
      <Filter>Header Files</Filter>
    </ClInclude>
    <ClInclude Include="include\entt\entt.hpp">
      <Filter>Header Files</Filter>
    </ClInclude>
    <ClInclude Include="src\memory\hooks\screenview.hpp">
      <Filter>Header Files</Filter>
    </ClInclude>
    <ClInclude Include="src\memory\scanner\scanner.hpp">
      <Filter>Header Files</Filter>
    </ClInclude>
    <ClInclude Include="src\memory\hooks\bgfx_hooks.hpp">
      <Filter>Header Files</Filter>
    </ClInclude>
    <ClInclude Include="src\memory\sdk\bgfx.hpp">
      <Filter>Header Files</Filter>
    </ClInclude>
    <ClInclude Include="src\client\platform_backend.hpp">
      <Filter>Header Files</Filter>
    </ClInclude>
  </ItemGroup>
</Project>